
Microsoft Visual Studio Solution File, Format Version 12.00
# Visual Studio Version 17
VisualStudioVersion = 17.8.34309.116
MinimumVisualStudioVersion = 10.0.40219.1
Project("{FAE04EC0-301F-11D3-BF4B-00C04F79EFBC}") = "AdventOfCode2023", "AdventOfCode2023.csproj", "{5B493ABC-CAD4-42C5-91A4-0BBEED1736D3}"
EndProject
Global
	GlobalSection(SolutionConfigurationPlatforms) = preSolution
		Debug|Any CPU = Debug|Any CPU
		Release|Any CPU = Release|Any CPU
	EndGlobalSection
	GlobalSection(ProjectConfigurationPlatforms) = postSolution
		{5B493ABC-CAD4-42C5-91A4-0BBEED1736D3}.Debug|Any CPU.ActiveCfg = Debug|Any CPU
		{5B493ABC-CAD4-42C5-91A4-0BBEED1736D3}.Debug|Any CPU.Build.0 = Debug|Any CPU
		{5B493ABC-CAD4-42C5-91A4-0BBEED1736D3}.Release|Any CPU.ActiveCfg = Release|Any CPU
		{5B493ABC-CAD4-42C5-91A4-0BBEED1736D3}.Release|Any CPU.Build.0 = Release|Any CPU
	EndGlobalSection
	GlobalSection(SolutionProperties) = preSolution
		HideSolutionNode = FALSE
	EndGlobalSection
	GlobalSection(ExtensibilityGlobals) = postSolution
		SolutionGuid = {44C747EB-667D-45C0-97D9-416945077AD4}
	EndGlobalSection
EndGlobal
